
Microsoft Visual Studio Solution File, Format Version 12.00
# Visual Studio Version 17
VisualStudioVersion = 17.10.35013.160
MinimumVisualStudioVersion = 10.0.40219.1
Project("{FAE04EC0-301F-11D3-BF4B-00C04F79EFBC}") = "MySample3_13", "MySample3_13\MySample3_13.csproj", "{4C981AB5-69B4-4C9F-A4F6-CA985CF0C4E7}"
EndProject
Global
	GlobalSection(SolutionConfigurationPlatforms) = preSolution
		Debug|Any CPU = Debug|Any CPU
		Release|Any CPU = Release|Any CPU
	EndGlobalSection
	GlobalSection(ProjectConfigurationPlatforms) = postSolution
		{4C981AB5-69B4-4C9F-A4F6-CA985CF0C4E7}.Debug|Any CPU.ActiveCfg = Debug|Any CPU
		{4C981AB5-69B4-4C9F-A4F6-CA985CF0C4E7}.Debug|Any CPU.Build.0 = Debug|Any CPU
		{4C981AB5-69B4-4C9F-A4F6-CA985CF0C4E7}.Release|Any CPU.ActiveCfg = Release|Any CPU
		{4C981AB5-69B4-4C9F-A4F6-CA985CF0C4E7}.Release|Any CPU.Build.0 = Release|Any CPU
	EndGlobalSection
	GlobalSection(SolutionProperties) = preSolution
		HideSolutionNode = FALSE
	EndGlobalSection
	GlobalSection(ExtensibilityGlobals) = postSolution
		SolutionGuid = {85D6EBBB-7815-4F0F-A911-BFE65D7BFF6B}
	EndGlobalSection
EndGlobal
