
Microsoft Visual Studio Solution File, Format Version 12.00
# Visual Studio Version 17
VisualStudioVersion = 17.10.35013.160
MinimumVisualStudioVersion = 10.0.40219.1
Project("{FAE04EC0-301F-11D3-BF4B-00C04F79EFBC}") = "MySample3_14", "MySample3_14\MySample3_14.csproj", "{B1540751-2877-40EB-876E-2DCE63C57C6E}"
EndProject
Global
	GlobalSection(SolutionConfigurationPlatforms) = preSolution
		Debug|Any CPU = Debug|Any CPU
		Release|Any CPU = Release|Any CPU
	EndGlobalSection
	GlobalSection(ProjectConfigurationPlatforms) = postSolution
		{B1540751-2877-40EB-876E-2DCE63C57C6E}.Debug|Any CPU.ActiveCfg = Debug|Any CPU
		{B1540751-2877-40EB-876E-2DCE63C57C6E}.Debug|Any CPU.Build.0 = Debug|Any CPU
		{B1540751-2877-40EB-876E-2DCE63C57C6E}.Release|Any CPU.ActiveCfg = Release|Any CPU
		{B1540751-2877-40EB-876E-2DCE63C57C6E}.Release|Any CPU.Build.0 = Release|Any CPU
	EndGlobalSection
	GlobalSection(SolutionProperties) = preSolution
		HideSolutionNode = FALSE
	EndGlobalSection
	GlobalSection(ExtensibilityGlobals) = postSolution
		SolutionGuid = {A431C563-CAFB-4FCA-B2C0-2758A9E9F3C9}
	EndGlobalSection
EndGlobal
