
Microsoft Visual Studio Solution File, Format Version 12.00
# Visual Studio Version 17
VisualStudioVersion = 17.10.35013.160
MinimumVisualStudioVersion = 10.0.40219.1
Project("{FAE04EC0-301F-11D3-BF4B-00C04F79EFBC}") = "Ex1", "Ex1\Ex1.csproj", "{5578321D-E72B-41CD-9B2A-4ACDE47BF0DC}"
EndProject
Global
	GlobalSection(SolutionConfigurationPlatforms) = preSolution
		Debug|Any CPU = Debug|Any CPU
		Release|Any CPU = Release|Any CPU
	EndGlobalSection
	GlobalSection(ProjectConfigurationPlatforms) = postSolution
		{5578321D-E72B-41CD-9B2A-4ACDE47BF0DC}.Debug|Any CPU.ActiveCfg = Debug|Any CPU
		{5578321D-E72B-41CD-9B2A-4ACDE47BF0DC}.Debug|Any CPU.Build.0 = Debug|Any CPU
		{5578321D-E72B-41CD-9B2A-4ACDE47BF0DC}.Release|Any CPU.ActiveCfg = Release|Any CPU
		{5578321D-E72B-41CD-9B2A-4ACDE47BF0DC}.Release|Any CPU.Build.0 = Release|Any CPU
	EndGlobalSection
	GlobalSection(SolutionProperties) = preSolution
		HideSolutionNode = FALSE
	EndGlobalSection
	GlobalSection(ExtensibilityGlobals) = postSolution
		SolutionGuid = {7873E3E6-056F-4603-B967-170BD72D684B}
	EndGlobalSection
EndGlobal
