
Microsoft Visual Studio Solution File, Format Version 12.00
# Visual Studio Version 17
VisualStudioVersion = 17.10.35013.160
MinimumVisualStudioVersion = 10.0.40219.1
Project("{FAE04EC0-301F-11D3-BF4B-00C04F79EFBC}") = "MySample3_16", "MySample3_16\MySample3_16.csproj", "{31C44E62-C56E-462C-B9B2-E4EAA27824A7}"
EndProject
Global
	GlobalSection(SolutionConfigurationPlatforms) = preSolution
		Debug|Any CPU = Debug|Any CPU
		Release|Any CPU = Release|Any CPU
	EndGlobalSection
	GlobalSection(ProjectConfigurationPlatforms) = postSolution
		{31C44E62-C56E-462C-B9B2-E4EAA27824A7}.Debug|Any CPU.ActiveCfg = Debug|Any CPU
		{31C44E62-C56E-462C-B9B2-E4EAA27824A7}.Debug|Any CPU.Build.0 = Debug|Any CPU
		{31C44E62-C56E-462C-B9B2-E4EAA27824A7}.Release|Any CPU.ActiveCfg = Release|Any CPU
		{31C44E62-C56E-462C-B9B2-E4EAA27824A7}.Release|Any CPU.Build.0 = Release|Any CPU
	EndGlobalSection
	GlobalSection(SolutionProperties) = preSolution
		HideSolutionNode = FALSE
	EndGlobalSection
	GlobalSection(ExtensibilityGlobals) = postSolution
		SolutionGuid = {D550FD57-DE03-443D-BF0D-BA1445365A14}
	EndGlobalSection
EndGlobal
