
Microsoft Visual Studio Solution File, Format Version 12.00
# Visual Studio Version 17
VisualStudioVersion = 17.10.35013.160
MinimumVisualStudioVersion = 10.0.40219.1
Project("{FAE04EC0-301F-11D3-BF4B-00C04F79EFBC}") = "MySample2_9", "MySample2_9\MySample2_9.csproj", "{997CC112-E779-4027-9AD1-DEDAAC6F403F}"
EndProject
Global
	GlobalSection(SolutionConfigurationPlatforms) = preSolution
		Debug|Any CPU = Debug|Any CPU
		Release|Any CPU = Release|Any CPU
	EndGlobalSection
	GlobalSection(ProjectConfigurationPlatforms) = postSolution
		{997CC112-E779-4027-9AD1-DEDAAC6F403F}.Debug|Any CPU.ActiveCfg = Debug|Any CPU
		{997CC112-E779-4027-9AD1-DEDAAC6F403F}.Debug|Any CPU.Build.0 = Debug|Any CPU
		{997CC112-E779-4027-9AD1-DEDAAC6F403F}.Release|Any CPU.ActiveCfg = Release|Any CPU
		{997CC112-E779-4027-9AD1-DEDAAC6F403F}.Release|Any CPU.Build.0 = Release|Any CPU
	EndGlobalSection
	GlobalSection(SolutionProperties) = preSolution
		HideSolutionNode = FALSE
	EndGlobalSection
	GlobalSection(ExtensibilityGlobals) = postSolution
		SolutionGuid = {BDF21F5D-113A-42DF-8359-6D48FD7A5266}
	EndGlobalSection
EndGlobal
