
Microsoft Visual Studio Solution File, Format Version 12.00
# Visual Studio Version 17
VisualStudioVersion = 17.10.35013.160
MinimumVisualStudioVersion = 10.0.40219.1
Project("{FAE04EC0-301F-11D3-BF4B-00C04F79EFBC}") = "MySample3_2", "MySample3_2\MySample3_2.csproj", "{EFB3F534-B6B0-45D7-81AB-1CF386C6142C}"
EndProject
Global
	GlobalSection(SolutionConfigurationPlatforms) = preSolution
		Debug|Any CPU = Debug|Any CPU
		Release|Any CPU = Release|Any CPU
	EndGlobalSection
	GlobalSection(ProjectConfigurationPlatforms) = postSolution
		{EFB3F534-B6B0-45D7-81AB-1CF386C6142C}.Debug|Any CPU.ActiveCfg = Debug|Any CPU
		{EFB3F534-B6B0-45D7-81AB-1CF386C6142C}.Debug|Any CPU.Build.0 = Debug|Any CPU
		{EFB3F534-B6B0-45D7-81AB-1CF386C6142C}.Release|Any CPU.ActiveCfg = Release|Any CPU
		{EFB3F534-B6B0-45D7-81AB-1CF386C6142C}.Release|Any CPU.Build.0 = Release|Any CPU
	EndGlobalSection
	GlobalSection(SolutionProperties) = preSolution
		HideSolutionNode = FALSE
	EndGlobalSection
	GlobalSection(ExtensibilityGlobals) = postSolution
		SolutionGuid = {7A19BEA8-130E-497B-A838-A9D172DAFD0F}
	EndGlobalSection
EndGlobal
