
Microsoft Visual Studio Solution File, Format Version 12.00
# Visual Studio Version 17
VisualStudioVersion = 17.10.35013.160
MinimumVisualStudioVersion = 10.0.40219.1
Project("{FAE04EC0-301F-11D3-BF4B-00C04F79EFBC}") = "Ex3_1", "Ex3_1\Ex3_1.csproj", "{62133CBC-7E0F-4F13-8C4E-4ACB6B4FC1A4}"
EndProject
Global
	GlobalSection(SolutionConfigurationPlatforms) = preSolution
		Debug|Any CPU = Debug|Any CPU
		Release|Any CPU = Release|Any CPU
	EndGlobalSection
	GlobalSection(ProjectConfigurationPlatforms) = postSolution
		{62133CBC-7E0F-4F13-8C4E-4ACB6B4FC1A4}.Debug|Any CPU.ActiveCfg = Debug|Any CPU
		{62133CBC-7E0F-4F13-8C4E-4ACB6B4FC1A4}.Debug|Any CPU.Build.0 = Debug|Any CPU
		{62133CBC-7E0F-4F13-8C4E-4ACB6B4FC1A4}.Release|Any CPU.ActiveCfg = Release|Any CPU
		{62133CBC-7E0F-4F13-8C4E-4ACB6B4FC1A4}.Release|Any CPU.Build.0 = Release|Any CPU
	EndGlobalSection
	GlobalSection(SolutionProperties) = preSolution
		HideSolutionNode = FALSE
	EndGlobalSection
	GlobalSection(ExtensibilityGlobals) = postSolution
		SolutionGuid = {F819BCD6-EA5E-4A6A-A453-B6A2E2E57152}
	EndGlobalSection
EndGlobal
