
Microsoft Visual Studio Solution File, Format Version 12.00
# Visual Studio Version 17
VisualStudioVersion = 17.10.35013.160
MinimumVisualStudioVersion = 10.0.40219.1
Project("{FAE04EC0-301F-11D3-BF4B-00C04F79EFBC}") = "MySample3_11", "MySample3_11\MySample3_11.csproj", "{764EF1EB-3D30-4BBC-AF73-FB2356313559}"
EndProject
Global
	GlobalSection(SolutionConfigurationPlatforms) = preSolution
		Debug|Any CPU = Debug|Any CPU
		Release|Any CPU = Release|Any CPU
	EndGlobalSection
	GlobalSection(ProjectConfigurationPlatforms) = postSolution
		{764EF1EB-3D30-4BBC-AF73-FB2356313559}.Debug|Any CPU.ActiveCfg = Debug|Any CPU
		{764EF1EB-3D30-4BBC-AF73-FB2356313559}.Debug|Any CPU.Build.0 = Debug|Any CPU
		{764EF1EB-3D30-4BBC-AF73-FB2356313559}.Release|Any CPU.ActiveCfg = Release|Any CPU
		{764EF1EB-3D30-4BBC-AF73-FB2356313559}.Release|Any CPU.Build.0 = Release|Any CPU
	EndGlobalSection
	GlobalSection(SolutionProperties) = preSolution
		HideSolutionNode = FALSE
	EndGlobalSection
	GlobalSection(ExtensibilityGlobals) = postSolution
		SolutionGuid = {EA13C223-0FE3-46B0-8E32-E98C78BFFE96}
	EndGlobalSection
EndGlobal
