
Microsoft Visual Studio Solution File, Format Version 12.00
# Visual Studio Version 17
VisualStudioVersion = 17.10.35013.160
MinimumVisualStudioVersion = 10.0.40219.1
Project("{FAE04EC0-301F-11D3-BF4B-00C04F79EFBC}") = "Ex4_4", "Ex4_4\Ex4_4.csproj", "{9DE3DC77-9CF3-45B3-8989-117064914DD6}"
EndProject
Global
	GlobalSection(SolutionConfigurationPlatforms) = preSolution
		Debug|Any CPU = Debug|Any CPU
		Release|Any CPU = Release|Any CPU
	EndGlobalSection
	GlobalSection(ProjectConfigurationPlatforms) = postSolution
		{9DE3DC77-9CF3-45B3-8989-117064914DD6}.Debug|Any CPU.ActiveCfg = Debug|Any CPU
		{9DE3DC77-9CF3-45B3-8989-117064914DD6}.Debug|Any CPU.Build.0 = Debug|Any CPU
		{9DE3DC77-9CF3-45B3-8989-117064914DD6}.Release|Any CPU.ActiveCfg = Release|Any CPU
		{9DE3DC77-9CF3-45B3-8989-117064914DD6}.Release|Any CPU.Build.0 = Release|Any CPU
	EndGlobalSection
	GlobalSection(SolutionProperties) = preSolution
		HideSolutionNode = FALSE
	EndGlobalSection
	GlobalSection(ExtensibilityGlobals) = postSolution
		SolutionGuid = {98458E9A-D49A-4071-9FE1-911ABD1EA461}
	EndGlobalSection
EndGlobal
