
Microsoft Visual Studio Solution File, Format Version 12.00
# Visual Studio Version 17
VisualStudioVersion = 17.10.35013.160
MinimumVisualStudioVersion = 10.0.40219.1
Project("{FAE04EC0-301F-11D3-BF4B-00C04F79EFBC}") = "MySample2_7", "MySample2_7\MySample2_7.csproj", "{BC56ACA1-BD9D-4AC2-ABFD-34FA580DE57E}"
EndProject
Global
	GlobalSection(SolutionConfigurationPlatforms) = preSolution
		Debug|Any CPU = Debug|Any CPU
		Release|Any CPU = Release|Any CPU
	EndGlobalSection
	GlobalSection(ProjectConfigurationPlatforms) = postSolution
		{BC56ACA1-BD9D-4AC2-ABFD-34FA580DE57E}.Debug|Any CPU.ActiveCfg = Debug|Any CPU
		{BC56ACA1-BD9D-4AC2-ABFD-34FA580DE57E}.Debug|Any CPU.Build.0 = Debug|Any CPU
		{BC56ACA1-BD9D-4AC2-ABFD-34FA580DE57E}.Release|Any CPU.ActiveCfg = Release|Any CPU
		{BC56ACA1-BD9D-4AC2-ABFD-34FA580DE57E}.Release|Any CPU.Build.0 = Release|Any CPU
	EndGlobalSection
	GlobalSection(SolutionProperties) = preSolution
		HideSolutionNode = FALSE
	EndGlobalSection
	GlobalSection(ExtensibilityGlobals) = postSolution
		SolutionGuid = {FDCCC0BC-93EB-4E68-ABA7-3EC2E66293E2}
	EndGlobalSection
EndGlobal
