
Microsoft Visual Studio Solution File, Format Version 12.00
# Visual Studio Version 17
VisualStudioVersion = 17.10.35013.160
MinimumVisualStudioVersion = 10.0.40219.1
Project("{FAE04EC0-301F-11D3-BF4B-00C04F79EFBC}") = "MySample4_6", "MySample4_6\MySample4_6.csproj", "{4E42D2D5-EFCD-4C5A-B0EA-B304BB511963}"
EndProject
Global
	GlobalSection(SolutionConfigurationPlatforms) = preSolution
		Debug|Any CPU = Debug|Any CPU
		Release|Any CPU = Release|Any CPU
	EndGlobalSection
	GlobalSection(ProjectConfigurationPlatforms) = postSolution
		{4E42D2D5-EFCD-4C5A-B0EA-B304BB511963}.Debug|Any CPU.ActiveCfg = Debug|Any CPU
		{4E42D2D5-EFCD-4C5A-B0EA-B304BB511963}.Debug|Any CPU.Build.0 = Debug|Any CPU
		{4E42D2D5-EFCD-4C5A-B0EA-B304BB511963}.Release|Any CPU.ActiveCfg = Release|Any CPU
		{4E42D2D5-EFCD-4C5A-B0EA-B304BB511963}.Release|Any CPU.Build.0 = Release|Any CPU
	EndGlobalSection
	GlobalSection(SolutionProperties) = preSolution
		HideSolutionNode = FALSE
	EndGlobalSection
	GlobalSection(ExtensibilityGlobals) = postSolution
		SolutionGuid = {6A912434-7036-49C6-B9F1-D32B0365C2EE}
	EndGlobalSection
EndGlobal
