
Microsoft Visual Studio Solution File, Format Version 12.00
# Visual Studio Version 17
VisualStudioVersion = 17.10.35013.160
MinimumVisualStudioVersion = 10.0.40219.1
Project("{FAE04EC0-301F-11D3-BF4B-00C04F79EFBC}") = "Sample", "Sample\Sample.csproj", "{320EFDB9-04FB-4625-B1F4-7561E95075B1}"
EndProject
Global
	GlobalSection(SolutionConfigurationPlatforms) = preSolution
		Debug|Any CPU = Debug|Any CPU
		Release|Any CPU = Release|Any CPU
	EndGlobalSection
	GlobalSection(ProjectConfigurationPlatforms) = postSolution
		{320EFDB9-04FB-4625-B1F4-7561E95075B1}.Debug|Any CPU.ActiveCfg = Debug|Any CPU
		{320EFDB9-04FB-4625-B1F4-7561E95075B1}.Debug|Any CPU.Build.0 = Debug|Any CPU
		{320EFDB9-04FB-4625-B1F4-7561E95075B1}.Release|Any CPU.ActiveCfg = Release|Any CPU
		{320EFDB9-04FB-4625-B1F4-7561E95075B1}.Release|Any CPU.Build.0 = Release|Any CPU
	EndGlobalSection
	GlobalSection(SolutionProperties) = preSolution
		HideSolutionNode = FALSE
	EndGlobalSection
	GlobalSection(ExtensibilityGlobals) = postSolution
		SolutionGuid = {1F9E0B5B-89DC-4D8E-B6BE-FBF010A83FA1}
	EndGlobalSection
EndGlobal
