
Microsoft Visual Studio Solution File, Format Version 12.00
# Visual Studio Version 17
VisualStudioVersion = 17.10.35013.160
MinimumVisualStudioVersion = 10.0.40219.1
Project("{FAE04EC0-301F-11D3-BF4B-00C04F79EFBC}") = "MySample3_10", "MySample3_10\MySample3_10.csproj", "{33DBB050-BBD8-4AD1-8523-1FD9FC0D81B1}"
EndProject
Global
	GlobalSection(SolutionConfigurationPlatforms) = preSolution
		Debug|Any CPU = Debug|Any CPU
		Release|Any CPU = Release|Any CPU
	EndGlobalSection
	GlobalSection(ProjectConfigurationPlatforms) = postSolution
		{33DBB050-BBD8-4AD1-8523-1FD9FC0D81B1}.Debug|Any CPU.ActiveCfg = Debug|Any CPU
		{33DBB050-BBD8-4AD1-8523-1FD9FC0D81B1}.Debug|Any CPU.Build.0 = Debug|Any CPU
		{33DBB050-BBD8-4AD1-8523-1FD9FC0D81B1}.Release|Any CPU.ActiveCfg = Release|Any CPU
		{33DBB050-BBD8-4AD1-8523-1FD9FC0D81B1}.Release|Any CPU.Build.0 = Release|Any CPU
	EndGlobalSection
	GlobalSection(SolutionProperties) = preSolution
		HideSolutionNode = FALSE
	EndGlobalSection
	GlobalSection(ExtensibilityGlobals) = postSolution
		SolutionGuid = {4BC5AB3A-691F-45F3-A080-5B86F3D2B0BF}
	EndGlobalSection
EndGlobal
