
Microsoft Visual Studio Solution File, Format Version 12.00
# Visual Studio Version 17
VisualStudioVersion = 17.10.35013.160
MinimumVisualStudioVersion = 10.0.40219.1
Project("{FAE04EC0-301F-11D3-BF4B-00C04F79EFBC}") = "MySample3_4", "MySample3_4\MySample3_4.csproj", "{6BF99740-0915-4276-9F36-E685DEB65C86}"
EndProject
Global
	GlobalSection(SolutionConfigurationPlatforms) = preSolution
		Debug|Any CPU = Debug|Any CPU
		Release|Any CPU = Release|Any CPU
	EndGlobalSection
	GlobalSection(ProjectConfigurationPlatforms) = postSolution
		{6BF99740-0915-4276-9F36-E685DEB65C86}.Debug|Any CPU.ActiveCfg = Debug|Any CPU
		{6BF99740-0915-4276-9F36-E685DEB65C86}.Debug|Any CPU.Build.0 = Debug|Any CPU
		{6BF99740-0915-4276-9F36-E685DEB65C86}.Release|Any CPU.ActiveCfg = Release|Any CPU
		{6BF99740-0915-4276-9F36-E685DEB65C86}.Release|Any CPU.Build.0 = Release|Any CPU
	EndGlobalSection
	GlobalSection(SolutionProperties) = preSolution
		HideSolutionNode = FALSE
	EndGlobalSection
	GlobalSection(ExtensibilityGlobals) = postSolution
		SolutionGuid = {DA3586A1-218E-456F-8C04-36B3DF92900B}
	EndGlobalSection
EndGlobal
