
Microsoft Visual Studio Solution File, Format Version 12.00
# Visual Studio Version 17
VisualStudioVersion = 17.10.35013.160
MinimumVisualStudioVersion = 10.0.40219.1
Project("{FAE04EC0-301F-11D3-BF4B-00C04F79EFBC}") = "MySample3_9", "MySample3_9\MySample3_9.csproj", "{C2672923-BF14-4CCF-A334-3B9B44475153}"
EndProject
Global
	GlobalSection(SolutionConfigurationPlatforms) = preSolution
		Debug|Any CPU = Debug|Any CPU
		Release|Any CPU = Release|Any CPU
	EndGlobalSection
	GlobalSection(ProjectConfigurationPlatforms) = postSolution
		{C2672923-BF14-4CCF-A334-3B9B44475153}.Debug|Any CPU.ActiveCfg = Debug|Any CPU
		{C2672923-BF14-4CCF-A334-3B9B44475153}.Debug|Any CPU.Build.0 = Debug|Any CPU
		{C2672923-BF14-4CCF-A334-3B9B44475153}.Release|Any CPU.ActiveCfg = Release|Any CPU
		{C2672923-BF14-4CCF-A334-3B9B44475153}.Release|Any CPU.Build.0 = Release|Any CPU
	EndGlobalSection
	GlobalSection(SolutionProperties) = preSolution
		HideSolutionNode = FALSE
	EndGlobalSection
	GlobalSection(ExtensibilityGlobals) = postSolution
		SolutionGuid = {9B2EB90D-47E2-41F3-8B0F-271F540C1160}
	EndGlobalSection
EndGlobal
