
Microsoft Visual Studio Solution File, Format Version 12.00
# Visual Studio Version 17
VisualStudioVersion = 17.10.35013.160
MinimumVisualStudioVersion = 10.0.40219.1
Project("{FAE04EC0-301F-11D3-BF4B-00C04F79EFBC}") = "Sample02", "Sample02\Sample02.csproj", "{51FE9E85-D7B6-4E19-8EE8-AC3416118984}"
EndProject
Global
	GlobalSection(SolutionConfigurationPlatforms) = preSolution
		Debug|Any CPU = Debug|Any CPU
		Release|Any CPU = Release|Any CPU
	EndGlobalSection
	GlobalSection(ProjectConfigurationPlatforms) = postSolution
		{51FE9E85-D7B6-4E19-8EE8-AC3416118984}.Debug|Any CPU.ActiveCfg = Debug|Any CPU
		{51FE9E85-D7B6-4E19-8EE8-AC3416118984}.Debug|Any CPU.Build.0 = Debug|Any CPU
		{51FE9E85-D7B6-4E19-8EE8-AC3416118984}.Release|Any CPU.ActiveCfg = Release|Any CPU
		{51FE9E85-D7B6-4E19-8EE8-AC3416118984}.Release|Any CPU.Build.0 = Release|Any CPU
	EndGlobalSection
	GlobalSection(SolutionProperties) = preSolution
		HideSolutionNode = FALSE
	EndGlobalSection
	GlobalSection(ExtensibilityGlobals) = postSolution
		SolutionGuid = {CDED6E01-ED7F-456F-8EA2-F6A5AF67F6F8}
	EndGlobalSection
EndGlobal
